{
  "nodes": {
    "nixpkgs": {
      "locked": {
        "lastModified": 1778856625,
        "narHash": "sha256-ExyHGgqlnO56XEn3NRn3PgdqCuwne+GZ5yLLUC7RE9I=",
        "owner": "NixOS",
        "repo": "nixpkgs",
        "rev": "e9e9a640d9a61d77d52da7ac3e755a975a2ed0cf",
        "type": "github"
      },
      "original": {
        "owner": "NixOS",
        "repo": "nixpkgs",
        "type": "github"
      }
    },
    "root": {
      "inputs": {
        "nixpkgs": "nixpkgs"
      }
    }
  },
  "root": "root",
  "version": 7
}
